
Microsoft Visual Studio Solution File, Format Version 12.00
# Visual Studio Version 16
VisualStudioVersion = 16.0.29613.14
MinimumVisualStudioVersion = 10.0.40219.1
Project("{9A19103F-16F7-4668-BE54-9A1E7A4F7556}") = "Beginning.Asp.net.Core", "Beginning.Asp.net.Core.csproj", "{D283A2FE-8FD7-4136-AE6F-84A1E85D260F}"
EndProject
Global
	GlobalSection(SolutionConfigurationPlatforms) = preSolution
		Debug|Any CPU = Debug|Any CPU
		Release|Any CPU = Release|Any CPU
	EndGlobalSection
	GlobalSection(ProjectConfigurationPlatforms) = postSolution
		{D283A2FE-8FD7-4136-AE6F-84A1E85D260F}.Debug|Any CPU.ActiveCfg = Debug|Any CPU
		{D283A2FE-8FD7-4136-AE6F-84A1E85D260F}.Debug|Any CPU.Build.0 = Debug|Any CPU
		{D283A2FE-8FD7-4136-AE6F-84A1E85D260F}.Release|Any CPU.ActiveCfg = Release|Any CPU
		{D283A2FE-8FD7-4136-AE6F-84A1E85D260F}.Release|Any CPU.Build.0 = Release|Any CPU
	EndGlobalSection
	GlobalSection(SolutionProperties) = preSolution
		HideSolutionNode = FALSE
	EndGlobalSection
	GlobalSection(ExtensibilityGlobals) = postSolution
		SolutionGuid = {9B3A55CC-88F2-44B6-AFB0-7ABECC49E189}
	EndGlobalSection
EndGlobal
